
Microsoft Visual Studio Solution File, Format Version 12.00
# Visual Studio Version 16
VisualStudioVersion = 16.0.31019.35
MinimumVisualStudioVersion = 10.0.40219.1
Project("{FAE04EC0-301F-11D3-BF4B-00C04F79EFBC}") = "KnihovnaTrid", "KnihovnaTrid\KnihovnaTrid.csproj", "{01568FEA-5FFA-4599-ADD3-2CFDEBFE785B}"
EndProject
Global
	GlobalSection(SolutionConfigurationPlatforms) = preSolution
		Debug|Any CPU = Debug|Any CPU
		Release|Any CPU = Release|Any CPU
	EndGlobalSection
	GlobalSection(ProjectConfigurationPlatforms) = postSolution
		{01568FEA-5FFA-4599-ADD3-2CFDEBFE785B}.Debug|Any CPU.ActiveCfg = Debug|Any CPU
		{01568FEA-5FFA-4599-ADD3-2CFDEBFE785B}.Debug|Any CPU.Build.0 = Debug|Any CPU
		{01568FEA-5FFA-4599-ADD3-2CFDEBFE785B}.Release|Any CPU.ActiveCfg = Release|Any CPU
		{01568FEA-5FFA-4599-ADD3-2CFDEBFE785B}.Release|Any CPU.Build.0 = Release|Any CPU
	EndGlobalSection
	GlobalSection(SolutionProperties) = preSolution
		HideSolutionNode = FALSE
	EndGlobalSection
	GlobalSection(ExtensibilityGlobals) = postSolution
		SolutionGuid = {ECCE0EE5-F144-46B4-82DB-7F0982572043}
	EndGlobalSection
EndGlobal
